// !$*UTF8*$!
{
	archiveVersion = 1;
	classes = {
	};
	objectVersion = 46;
	objects = {

/* Begin PBXBuildFile section */
		F94BE3EF17A2035500963A3B /* UIKit.framework in Frameworks */ = {isa = PBXBuildFile; fileRef = F94BE3EE17A2035500963A3B /* UIKit.framework */; };
		F94BE3F117A2035500963A3B /* Foundation.framework in Frameworks */ = {isa = PBXBuildFile; fileRef = F94BE3F017A2035500963A3B /* Foundation.framework */; };
		F94BE3F317A2035500963A3B /* CoreGraphics.framework in Frameworks */ = {isa = PBXBuildFile; fileRef = F94BE3F217A2035500963A3B /* CoreGraphics.framework */; };
		F94BE3F917A2035500963A3B /* InfoPlist.strings in Resources */ = {isa = PBXBuildFile; fileRef = F94BE3F717A2035500963A3B /* InfoPlist.strings */; };
		F94BE3FB17A2035500963A3B /* main.m in Sources */ = {isa = PBXBuildFile; fileRef = F94BE3FA17A2035500963A3B /* main.m */; };
		F94BE3FF17A2035500963A3B /* AppDelegate.m in Sources */ = {isa = PBXBuildFile; fileRef = F94BE3FE17A2035500963A3B /* AppDelegate.m */; };
		F94BE40117A2035500963A3B /* Default.png in Resources */ = {isa = PBXBuildFile; fileRef = F94BE40017A2035500963A3B /* Default.png */; };
		F94BE40317A2035500963A3B /* Default@2x.png in Resources */ = {isa = PBXBuildFile; fileRef = F94BE40217A2035500963A3B /* Default@2x.png */; };
		F94BE40517A2035500963A3B /* Default-568h@2x.png in Resources */ = {isa = PBXBuildFile; fileRef = F94BE40417A2035500963A3B /* Default-568h@2x.png */; };
		F94BE40D17A203C500963A3B /* RootViewController.m in Sources */ = {isa = PBXBuildFile; fileRef = F94BE40C17A203C500963A3B /* RootViewController.m */; };
		F969D7DA17A9FC9200406B33 /* NSObject+CGRect.m in Sources */ = {isa = PBXBuildFile; fileRef = F969D7D917A9FC9200406B33 /* NSObject+CGRect.m */; };
		F969D7DD17A9FD1200406B33 /* RectView.m in Sources */ = {isa = PBXBuildFile; fileRef = F969D7DC17A9FD1200406B33 /* RectView.m */; };
		F969D7E117A9FD3D00406B33 /* SYEvent.m in Sources */ = {isa = PBXBuildFile; fileRef = F969D7E017A9FD3D00406B33 /* SYEvent.m */; };
/* End PBXBuildFile section */

/* Begin PBXFileReference section */
		F94BE3EB17A2035500963A3B /* Mark_zhouxl.app */ = {isa = PBXFileReference; explicitFileType = wrapper.application; includeInIndex = 0; path = Mark_zhouxl.app; sourceTree = BUILT_PRODUCTS_DIR; };
		F94BE3EE17A2035500963A3B /* UIKit.framework */ = {isa = PBXFileReference; lastKnownFileType = wrapper.framework; name = UIKit.framework; path = System/Library/Frameworks/UIKit.framework; sourceTree = SDKROOT; };
		F94BE3F017A2035500963A3B /* Foundation.framework */ = {isa = PBXFileReference; lastKnownFileType = wrapper.framework; name = Foundation.framework; path = System/Library/Frameworks/Foundation.framework; sourceTree = SDKROOT; };
		F94BE3F217A2035500963A3B /* CoreGraphics.framework */ = {isa = PBXFileReference; lastKnownFileType = wrapper.framework; name = CoreGraphics.framework; path = System/Library/Frameworks/CoreGraphics.framework; sourceTree = SDKROOT; };
		F94BE3F617A2035500963A3B /* Mark_zhouxl-Info.plist */ = {isa = PBXFileReference; lastKnownFileType = text.plist.xml; path = "Mark_zhouxl-Info.plist"; sourceTree = "<group>"; };
		F94BE3F817A2035500963A3B /* en */ = {isa = PBXFileReference; lastKnownFileType = text.plist.strings; name = en; path = en.lproj/InfoPlist.strings; sourceTree = "<group>"; };
		F94BE3FA17A2035500963A3B /* main.m */ = {isa = PBXFileReference; lastKnownFileType = sourcecode.c.objc; path = main.m; sourceTree = "<group>"; };
		F94BE3FC17A2035500963A3B /* Mark_zhouxl-Prefix.pch */ = {isa = PBXFileReference; lastKnownFileType = sourcecode.c.h; path = "Mark_zhouxl-Prefix.pch"; sourceTree = "<group>"; };
		F94BE3FD17A2035500963A3B /* AppDelegate.h */ = {isa = PBXFileReference; lastKnownFileType = sourcecode.c.h; path = AppDelegate.h; sourceTree = "<group>"; };
		F94BE3FE17A2035500963A3B /* AppDelegate.m */ = {isa = PBXFileReference; lastKnownFileType = sourcecode.c.objc; path = AppDelegate.m; sourceTree = "<group>"; };
		F94BE40017A2035500963A3B /* Default.png */ = {isa = PBXFileReference; lastKnownFileType = image.png; path = Default.png; sourceTree = "<group>"; };
		F94BE40217A2035500963A3B /* Default@2x.png */ = {isa = PBXFileReference; lastKnownFileType = image.png; path = "Default@2x.png"; sourceTree = "<group>"; };
		F94BE40417A2035500963A3B /* Default-568h@2x.png */ = {isa = PBXFileReference; lastKnownFileType = image.png; path = "Default-568h@2x.png"; sourceTree = "<group>"; };
		F94BE40B17A203C500963A3B /* RootViewController.h */ = {isa = PBXFileReference; fileEncoding = 4; lastKnownFileType = sourcecode.c.h; path = RootViewController.h; sourceTree = "<group>"; };
		F94BE40C17A203C500963A3B /* RootViewController.m */ = {isa = PBXFileReference; fileEncoding = 4; lastKnownFileType = sourcecode.c.objc; path = RootViewController.m; sourceTree = "<group>"; };
		F969D7D817A9FC9200406B33 /* NSObject+CGRect.h */ = {isa = PBXFileReference; fileEncoding = 4; lastKnownFileType = sourcecode.c.h; path = "NSObject+CGRect.h"; sourceTree = "<group>"; };
		F969D7D917A9FC9200406B33 /* NSObject+CGRect.m */ = {isa = PBXFileReference; fileEncoding = 4; lastKnownFileType = sourcecode.c.objc; path = "NSObject+CGRect.m"; sourceTree = "<group>"; };
		F969D7DB17A9FD1200406B33 /* RectView.h */ = {isa = PBXFileReference; fileEncoding = 4; lastKnownFileType = sourcecode.c.h; path = RectView.h; sourceTree = "<group>"; };
		F969D7DC17A9FD1200406B33 /* RectView.m */ = {isa = PBXFileReference; fileEncoding = 4; lastKnownFileType = sourcecode.c.objc; path = RectView.m; sourceTree = "<group>"; };
		F969D7DF17A9FD3D00406B33 /* SYEvent.h */ = {isa = PBXFileReference; fileEncoding = 4; lastKnownFileType = sourcecode.c.h; path = SYEvent.h; sourceTree = "<group>"; };
		F969D7E017A9FD3D00406B33 /* SYEvent.m */ = {isa = PBXFileReference; fileEncoding = 4; lastKnownFileType = sourcecode.c.objc; path = SYEvent.m; sourceTree = "<group>"; };
/* End PBXFileReference section */

/* Begin PBXFrameworksBuildPhase section */
		F94BE3E817A2035500963A3B /* Frameworks */ = {
			isa = PBXFrameworksBuildPhase;
			buildActionMask = 2147483647;
			files = (
				F94BE3EF17A2035500963A3B /* UIKit.framework in Frameworks */,
				F94BE3F117A2035500963A3B /* Foundation.framework in Frameworks */,
				F94BE3F317A2035500963A3B /* CoreGraphics.framework in Frameworks */,
			);
			runOnlyForDeploymentPostprocessing = 0;
		};
/* End PBXFrameworksBuildPhase section */

/* Begin PBXGroup section */
		F94BE3E217A2035500963A3B = {
			isa = PBXGroup;
			children = (
				F94BE3F417A2035500963A3B /* Mark_zhouxl */,
				F94BE3ED17A2035500963A3B /* Frameworks */,
				F94BE3EC17A2035500963A3B /* Products */,
			);
			sourceTree = "<group>";
		};
		F94BE3EC17A2035500963A3B /* Products */ = {
			isa = PBXGroup;
			children = (
				F94BE3EB17A2035500963A3B /* Mark_zhouxl.app */,
			);
			name = Products;
			sourceTree = "<group>";
		};
		F94BE3ED17A2035500963A3B /* Frameworks */ = {
			isa = PBXGroup;
			children = (
				F94BE3EE17A2035500963A3B /* UIKit.framework */,
				F94BE3F017A2035500963A3B /* Foundation.framework */,
				F94BE3F217A2035500963A3B /* CoreGraphics.framework */,
			);
			name = Frameworks;
			sourceTree = "<group>";
		};
		F94BE3F417A2035500963A3B /* Mark_zhouxl */ = {
			isa = PBXGroup;
			children = (
				F94BE3FD17A2035500963A3B /* AppDelegate.h */,
				F94BE3FE17A2035500963A3B /* AppDelegate.m */,
				F94BE40B17A203C500963A3B /* RootViewController.h */,
				F94BE40C17A203C500963A3B /* RootViewController.m */,
				F969D7DE17A9FD3D00406B33 /* event */,
				F969D7D717A9FC9200406B33 /* CGRect */,
				F94BE3F517A2035500963A3B /* Supporting Files */,
			);
			path = Mark_zhouxl;
			sourceTree = "<group>";
		};
		F94BE3F517A2035500963A3B /* Supporting Files */ = {
			isa = PBXGroup;
			children = (
				F94BE3F617A2035500963A3B /* Mark_zhouxl-Info.plist */,
				F94BE3F717A2035500963A3B /* InfoPlist.strings */,
				F94BE3FA17A2035500963A3B /* main.m */,
				F94BE3FC17A2035500963A3B /* Mark_zhouxl-Prefix.pch */,
				F94BE40017A2035500963A3B /* Default.png */,
				F94BE40217A2035500963A3B /* Default@2x.png */,
				F94BE40417A2035500963A3B /* Default-568h@2x.png */,
			);
			name = "Supporting Files";
			sourceTree = "<group>";
		};
		F969D7D717A9FC9200406B33 /* CGRect */ = {
			isa = PBXGroup;
			children = (
				F969D7DB17A9FD1200406B33 /* RectView.h */,
				F969D7DC17A9FD1200406B33 /* RectView.m */,
				F969D7D817A9FC9200406B33 /* NSObject+CGRect.h */,
				F969D7D917A9FC9200406B33 /* NSObject+CGRect.m */,
			);
			path = CGRect;
			sourceTree = "<group>";
		};
		F969D7DE17A9FD3D00406B33 /* event */ = {
			isa = PBXGroup;
			children = (
				F969D7DF17A9FD3D00406B33 /* SYEvent.h */,
				F969D7E017A9FD3D00406B33 /* SYEvent.m */,
			);
			path = event;
			sourceTree = "<group>";
		};
/* End PBXGroup section */

/* Begin PBXNativeTarget section */
		F94BE3EA17A2035500963A3B /* Mark_zhouxl */ = {
			isa = PBXNativeTarget;
			buildConfigurationList = F94BE40817A2035500963A3B /* Build configuration list for PBXNativeTarget "Mark_zhouxl" */;
			buildPhases = (
				F94BE3E717A2035500963A3B /* Sources */,
				F94BE3E817A2035500963A3B /* Frameworks */,
				F94BE3E917A2035500963A3B /* Resources */,
			);
			buildRules = (
			);
			dependencies = (
			);
			name = Mark_zhouxl;
			productName = Mark_zhouxl;
			productReference = F94BE3EB17A2035500963A3B /* Mark_zhouxl.app */;
			productType = "com.apple.product-type.application";
		};
/* End PBXNativeTarget section */

/* Begin PBXProject section */
		F94BE3E317A2035500963A3B /* Project object */ = {
			isa = PBXProject;
			attributes = {
				LastUpgradeCheck = 0460;
				ORGANIZATIONNAME = zhouxl;
			};
			buildConfigurationList = F94BE3E617A2035500963A3B /* Build configuration list for PBXProject "Mark_zhouxl" */;
			compatibilityVersion = "Xcode 3.2";
			developmentRegion = English;
			hasScannedForEncodings = 0;
			knownRegions = (
				en,
			);
			mainGroup = F94BE3E217A2035500963A3B;
			productRefGroup = F94BE3EC17A2035500963A3B /* Products */;
			projectDirPath = "";
			projectRoot = "";
			targets = (
				F94BE3EA17A2035500963A3B /* Mark_zhouxl */,
			);
		};
/* End PBXProject section */

/* Begin PBXResourcesBuildPhase section */
		F94BE3E917A2035500963A3B /* Resources */ = {
			isa = PBXResourcesBuildPhase;
			buildActionMask = 2147483647;
			files = (
				F94BE3F917A2035500963A3B /* InfoPlist.strings in Resources */,
				F94BE40117A2035500963A3B /* Default.png in Resources */,
				F94BE40317A2035500963A3B /* Default@2x.png in Resources */,
				F94BE40517A2035500963A3B /* Default-568h@2x.png in Resources */,
			);
			runOnlyForDeploymentPostprocessing = 0;
		};
/* End PBXResourcesBuildPhase section */

/* Begin PBXSourcesBuildPhase section */
		F94BE3E717A2035500963A3B /* Sources */ = {
			isa = PBXSourcesBuildPhase;
			buildActionMask = 2147483647;
			files = (
				F94BE3FB17A2035500963A3B /* main.m in Sources */,
				F94BE3FF17A2035500963A3B /* AppDelegate.m in Sources */,
				F94BE40D17A203C500963A3B /* RootViewController.m in Sources */,
				F969D7DA17A9FC9200406B33 /* NSObject+CGRect.m in Sources */,
				F969D7DD17A9FD1200406B33 /* RectView.m in Sources */,
				F969D7E117A9FD3D00406B33 /* SYEvent.m in Sources */,
			);
			runOnlyForDeploymentPostprocessing = 0;
		};
/* End PBXSourcesBuildPhase section */

/* Begin PBXVariantGroup section */
		F94BE3F717A2035500963A3B /* InfoPlist.strings */ = {
			isa = PBXVariantGroup;
			children = (
				F94BE3F817A2035500963A3B /* en */,
			);
			name = InfoPlist.strings;
			sourceTree = "<group>";
		};
/* End PBXVariantGroup section */

/* Begin XCBuildConfiguration section */
		F94BE40617A2035500963A3B /* Debug */ = {
			isa = XCBuildConfiguration;
			buildSettings = {
				ALWAYS_SEARCH_USER_PATHS = NO;
				CLANG_CXX_LANGUAGE_STANDARD = "gnu++0x";
				CLANG_CXX_LIBRARY = "libc++";
				CLANG_WARN_CONSTANT_CONVERSION = YES;
				CLANG_WARN_EMPTY_BODY = YES;
				CLANG_WARN_ENUM_CONVERSION = YES;
				CLANG_WARN_INT_CONVERSION = YES;
				CLANG_WARN__DUPLICATE_METHOD_MATCH = YES;
				"CODE_SIGN_IDENTITY[sdk=iphoneos*]" = "iPhone Developer";
				COPY_PHASE_STRIP = NO;
				GCC_C_LANGUAGE_STANDARD = gnu99;
				GCC_DYNAMIC_NO_PIC = NO;
				GCC_OPTIMIZATION_LEVEL = 0;
				GCC_PREPROCESSOR_DEFINITIONS = (
					"DEBUG=1",
					"$(inherited)",
				);
				GCC_SYMBOLS_PRIVATE_EXTERN = NO;
				GCC_WARN_ABOUT_RETURN_TYPE = YES;
				GCC_WARN_UNINITIALIZED_AUTOS = YES;
				GCC_WARN_UNUSED_VARIABLE = YES;
				IPHONEOS_DEPLOYMENT_TARGET = 6.1;
				ONLY_ACTIVE_ARCH = YES;
				SDKROOT = iphoneos;
			};
			name = Debug;
		};
		F94BE40717A2035500963A3B /* Release */ = {
			isa = XCBuildConfiguration;
			buildSettings = {
				ALWAYS_SEARCH_USER_PATHS = NO;
				CLANG_CXX_LANGUAGE_STANDARD = "gnu++0x";
				CLANG_CXX_LIBRARY = "libc++";
				CLANG_WARN_CONSTANT_CONVERSION = YES;
				CLANG_WARN_EMPTY_BODY = YES;
				CLANG_WARN_ENUM_CONVERSION = YES;
				CLANG_WARN_INT_CONVERSION = YES;
				CLANG_WARN__DUPLICATE_METHOD_MATCH = YES;
				"CODE_SIGN_IDENTITY[sdk=iphoneos*]" = "iPhone Developer";
				COPY_PHASE_STRIP = YES;
				GCC_C_LANGUAGE_STANDARD = gnu99;
				GCC_WARN_ABOUT_RETURN_TYPE = YES;
				GCC_WARN_UNINITIALIZED_AUTOS = YES;
				GCC_WARN_UNUSED_VARIABLE = YES;
				IPHONEOS_DEPLOYMENT_TARGET = 6.1;
				OTHER_CFLAGS = "-DNS_BLOCK_ASSERTIONS=1";
				SDKROOT = iphoneos;
				VALIDATE_PRODUCT = YES;
			};
			name = Release;
		};
		F94BE40917A2035500963A3B /* Debug */ = {
			isa = XCBuildConfiguration;
			buildSettings = {
				GCC_PRECOMPILE_PREFIX_HEADER = YES;
				GCC_PREFIX_HEADER = "Mark_zhouxl/Mark_zhouxl-Prefix.pch";
				INFOPLIST_FILE = "Mark_zhouxl/Mark_zhouxl-Info.plist";
				PRODUCT_NAME = "$(TARGET_NAME)";
				WRAPPER_EXTENSION = app;
			};
			name = Debug;
		};
		F94BE40A17A2035500963A3B /* Release */ = {
			isa = XCBuildConfiguration;
			buildSettings = {
				GCC_PRECOMPILE_PREFIX_HEADER = YES;
				GCC_PREFIX_HEADER = "Mark_zhouxl/Mark_zhouxl-Prefix.pch";
				INFOPLIST_FILE = "Mark_zhouxl/Mark_zhouxl-Info.plist";
				PRODUCT_NAME = "$(TARGET_NAME)";
				WRAPPER_EXTENSION = app;
			};
			name = Release;
		};
/* End XCBuildConfiguration section */

/* Begin XCConfigurationList section */
		F94BE3E617A2035500963A3B /* Build configuration list for PBXProject "Mark_zhouxl" */ = {
			isa = XCConfigurationList;
			buildConfigurations = (
				F94BE40617A2035500963A3B /* Debug */,
				F94BE40717A2035500963A3B /* Release */,
			);
			defaultConfigurationIsVisible = 0;
			defaultConfigurationName = Release;
		};
		F94BE40817A2035500963A3B /* Build configuration list for PBXNativeTarget "Mark_zhouxl" */ = {
			isa = XCConfigurationList;
			buildConfigurations = (
				F94BE40917A2035500963A3B /* Debug */,
				F94BE40A17A2035500963A3B /* Release */,
			);
			defaultConfigurationIsVisible = 0;
			defaultConfigurationName = Release;
		};
/* End XCConfigurationList section */
	};
	rootObject = F94BE3E317A2035500963A3B /* Project object */;
}
